
Microsoft Visual Studio Solution File, Format Version 12.00
# Visual Studio Version 17
VisualStudioVersion = 17.14.37314.3 d17.14
MinimumVisualStudioVersion = 10.0.40219.1
Project("{FAE04EC0-301F-11D3-BF4B-00C04F79EFBC}") = "BattIePatch - Better Faction Colors", "BattIePatch - Better Faction Colors.csproj", "{7171A81C-1973-4CF5-A376-C5A155CB6ACC}"
EndProject
Global
	GlobalSection(SolutionConfigurationPlatforms) = preSolution
		Debug|Any CPU = Debug|Any CPU
		Release|Any CPU = Release|Any CPU
	EndGlobalSection
	GlobalSection(ProjectConfigurationPlatforms) = postSolution
		{7171A81C-1973-4CF5-A376-C5A155CB6ACC}.Debug|Any CPU.ActiveCfg = Debug|Any CPU
		{7171A81C-1973-4CF5-A376-C5A155CB6ACC}.Debug|Any CPU.Build.0 = Debug|Any CPU
		{7171A81C-1973-4CF5-A376-C5A155CB6ACC}.Release|Any CPU.ActiveCfg = Release|Any CPU
		{7171A81C-1973-4CF5-A376-C5A155CB6ACC}.Release|Any CPU.Build.0 = Release|Any CPU
	EndGlobalSection
	GlobalSection(SolutionProperties) = preSolution
		HideSolutionNode = FALSE
	EndGlobalSection
	GlobalSection(ExtensibilityGlobals) = postSolution
		SolutionGuid = {D7C41CF9-0A39-44F5-BF59-D9AF84D46621}
	EndGlobalSection
EndGlobal
