
Microsoft Visual Studio Solution File, Format Version 12.00
# Visual Studio Version 17
VisualStudioVersion = 17.13.35919.96 d17.13
MinimumVisualStudioVersion = 10.0.40219.1
Project("{FAE04EC0-301F-11D3-BF4B-00C04F79EFBC}") = "BattIePatch - Extreme Hemogen Extraction", "BattIePatch - Extreme Hemogen Extraction.csproj", "{B799E26C-FFFD-40B8-BA72-437245969479}"
EndProject
Global
	GlobalSection(SolutionConfigurationPlatforms) = preSolution
		Debug|Any CPU = Debug|Any CPU
		Release|Any CPU = Release|Any CPU
	EndGlobalSection
	GlobalSection(ProjectConfigurationPlatforms) = postSolution
		{B799E26C-FFFD-40B8-BA72-437245969479}.Debug|Any CPU.ActiveCfg = Debug|Any CPU
		{B799E26C-FFFD-40B8-BA72-437245969479}.Debug|Any CPU.Build.0 = Debug|Any CPU
		{B799E26C-FFFD-40B8-BA72-437245969479}.Release|Any CPU.ActiveCfg = Release|Any CPU
		{B799E26C-FFFD-40B8-BA72-437245969479}.Release|Any CPU.Build.0 = Release|Any CPU
	EndGlobalSection
	GlobalSection(SolutionProperties) = preSolution
		HideSolutionNode = FALSE
	EndGlobalSection
	GlobalSection(ExtensibilityGlobals) = postSolution
		SolutionGuid = {875B37D7-BC10-4B63-8A82-6D8BDE3F3024}
	EndGlobalSection
EndGlobal
