
Microsoft Visual Studio Solution File, Format Version 12.00
# Visual Studio Version 17
VisualStudioVersion = 17.14.37314.3 d17.14
MinimumVisualStudioVersion = 10.0.40219.1
Project("{FAE04EC0-301F-11D3-BF4B-00C04F79EFBC}") = "BattIePatch - Tend Again", "BattIePatch - Tend Again.csproj", "{A23445C6-C045-4ABD-8C82-CB05CCFDBE39}"
EndProject
Global
	GlobalSection(SolutionConfigurationPlatforms) = preSolution
		Debug|Any CPU = Debug|Any CPU
		Release|Any CPU = Release|Any CPU
	EndGlobalSection
	GlobalSection(ProjectConfigurationPlatforms) = postSolution
		{A23445C6-C045-4ABD-8C82-CB05CCFDBE39}.Debug|Any CPU.ActiveCfg = Debug|Any CPU
		{A23445C6-C045-4ABD-8C82-CB05CCFDBE39}.Debug|Any CPU.Build.0 = Debug|Any CPU
		{A23445C6-C045-4ABD-8C82-CB05CCFDBE39}.Release|Any CPU.ActiveCfg = Release|Any CPU
		{A23445C6-C045-4ABD-8C82-CB05CCFDBE39}.Release|Any CPU.Build.0 = Release|Any CPU
	EndGlobalSection
	GlobalSection(SolutionProperties) = preSolution
		HideSolutionNode = FALSE
	EndGlobalSection
	GlobalSection(ExtensibilityGlobals) = postSolution
		SolutionGuid = {13583AA7-FC8C-45F4-9AD5-5F24AA0F4FB8}
	EndGlobalSection
EndGlobal
