
Microsoft Visual Studio Solution File, Format Version 12.00
# Visual Studio Version 17
VisualStudioVersion = 17.13.35825.156 d17.13
MinimumVisualStudioVersion = 10.0.40219.1
Project("{FAE04EC0-301F-11D3-BF4B-00C04F79EFBC}") = "BattIePatch - Silence is Golden", "BattIePatch - Silence is Golden.csproj", "{62CEBAFB-9A1A-4F50-B152-34C197A9C459}"
EndProject
Global
	GlobalSection(SolutionConfigurationPlatforms) = preSolution
		Debug|Any CPU = Debug|Any CPU
		Release|Any CPU = Release|Any CPU
	EndGlobalSection
	GlobalSection(ProjectConfigurationPlatforms) = postSolution
		{62CEBAFB-9A1A-4F50-B152-34C197A9C459}.Debug|Any CPU.ActiveCfg = Debug|Any CPU
		{62CEBAFB-9A1A-4F50-B152-34C197A9C459}.Debug|Any CPU.Build.0 = Debug|Any CPU
		{62CEBAFB-9A1A-4F50-B152-34C197A9C459}.Release|Any CPU.ActiveCfg = Release|Any CPU
		{62CEBAFB-9A1A-4F50-B152-34C197A9C459}.Release|Any CPU.Build.0 = Release|Any CPU
	EndGlobalSection
	GlobalSection(SolutionProperties) = preSolution
		HideSolutionNode = FALSE
	EndGlobalSection
	GlobalSection(ExtensibilityGlobals) = postSolution
		SolutionGuid = {F669E27B-CDA8-4D67-A267-3920DEBA28F6}
	EndGlobalSection
EndGlobal
